
Microsoft Visual Studio Solution File, Format Version 12.00
# Visual Studio Version 17
VisualStudioVersion = 17.6.33829.357
MinimumVisualStudioVersion = 10.0.40219.1
Project("{9A19103F-16F7-4668-BE54-9A1E7A4F7556}") = "dockerizeapp", "dockerizeapp\dockerizeapp.csproj", "{6EB6EDCB-FCCB-4C16-B028-D8C89D2D255D}"
EndProject
Project("{FAE04EC0-301F-11D3-BF4B-00C04F79EFBC}") = "apickeyvault", "apickeyvault\apickeyvault.csproj", "{767B8F9F-2D45-4AB1-AF49-DF63C48DA03E}"
EndProject
Project("{2150E333-8FDC-42A3-9474-1A3956D46DE8}") = "Solution Items", "Solution Items", "{88A8F06E-92A9-4A0B-8EE6-8FB9656042CA}"
	ProjectSection(SolutionItems) = preProject
		.editorconfig = .editorconfig
	EndProjectSection
EndProject
Global
	GlobalSection(SolutionConfigurationPlatforms) = preSolution
		Debug|Any CPU = Debug|Any CPU
		Release|Any CPU = Release|Any CPU
	EndGlobalSection
	GlobalSection(ProjectConfigurationPlatforms) = postSolution
		{6EB6EDCB-FCCB-4C16-B028-D8C89D2D255D}.Debug|Any CPU.ActiveCfg = Debug|Any CPU
		{6EB6EDCB-FCCB-4C16-B028-D8C89D2D255D}.Debug|Any CPU.Build.0 = Debug|Any CPU
		{6EB6EDCB-FCCB-4C16-B028-D8C89D2D255D}.Release|Any CPU.ActiveCfg = Release|Any CPU
		{6EB6EDCB-FCCB-4C16-B028-D8C89D2D255D}.Release|Any CPU.Build.0 = Release|Any CPU
		{767B8F9F-2D45-4AB1-AF49-DF63C48DA03E}.Debug|Any CPU.ActiveCfg = Debug|Any CPU
		{767B8F9F-2D45-4AB1-AF49-DF63C48DA03E}.Debug|Any CPU.Build.0 = Debug|Any CPU
		{767B8F9F-2D45-4AB1-AF49-DF63C48DA03E}.Release|Any CPU.ActiveCfg = Release|Any CPU
		{767B8F9F-2D45-4AB1-AF49-DF63C48DA03E}.Release|Any CPU.Build.0 = Release|Any CPU
	EndGlobalSection
	GlobalSection(SolutionProperties) = preSolution
		HideSolutionNode = FALSE
	EndGlobalSection
	GlobalSection(ExtensibilityGlobals) = postSolution
		SolutionGuid = {F3D87919-362D-48F5-ACBF-5685E4831B82}
	EndGlobalSection
EndGlobal
